
Microsoft Visual Studio Solution File, Format Version 12.00
# Visual Studio Version 17
VisualStudioVersion = 17.5.33530.505
MinimumVisualStudioVersion = 10.0.40219.1
Project("{FAE04EC0-301F-11D3-BF4B-00C04F79EFBC}") = "LauncherTestAPI", "LauncherTestAPI.csproj", "{733ABA9E-B2B2-45AB-9208-B07A46EEA4BC}"
EndProject
Global
	GlobalSection(SolutionConfigurationPlatforms) = preSolution
		Debug|Any CPU = Debug|Any CPU
		Release|Any CPU = Release|Any CPU
	EndGlobalSection
	GlobalSection(ProjectConfigurationPlatforms) = postSolution
		{733ABA9E-B2B2-45AB-9208-B07A46EEA4BC}.Debug|Any CPU.ActiveCfg = Debug|Any CPU
		{733ABA9E-B2B2-45AB-9208-B07A46EEA4BC}.Debug|Any CPU.Build.0 = Debug|Any CPU
		{733ABA9E-B2B2-45AB-9208-B07A46EEA4BC}.Release|Any CPU.ActiveCfg = Release|Any CPU
		{733ABA9E-B2B2-45AB-9208-B07A46EEA4BC}.Release|Any CPU.Build.0 = Release|Any CPU
	EndGlobalSection
	GlobalSection(SolutionProperties) = preSolution
		HideSolutionNode = FALSE
	EndGlobalSection
	GlobalSection(ExtensibilityGlobals) = postSolution
		SolutionGuid = {724ABA81-4CC6-4868-9D54-0EEF1B5316ED}
	EndGlobalSection
EndGlobal
